
Microsoft Visual Studio Solution File, Format Version 12.00
# Visual Studio 15
VisualStudioVersion = 15.0.26730.16
MinimumVisualStudioVersion = 10.0.40219.1
Project("{9A19103F-16F7-4668-BE54-9A1E7A4F7556}") = "CScape.Core", "CScape.Core\CScape.Core.csproj", "{30183352-3C8E-44E4-84DC-7A1703D75B7A}"
EndProject
Project("{9A19103F-16F7-4668-BE54-9A1E7A4F7556}") = "Dev-Runtime", "Dev-Runtime\Dev-Runtime.csproj", "{40F9D482-6ED9-4EA9-AB15-854631C933AB}"
EndProject
Project("{9A19103F-16F7-4668-BE54-9A1E7A4F7556}") = "Tests", "Tests\Tests.csproj", "{E9E13F17-EA0B-4064-8218-DB57675C73B3}"
EndProject
Project("{9A19103F-16F7-4668-BE54-9A1E7A4F7556}") = "PlayerSpammer", "PlayerSpammer\PlayerSpammer.csproj", "{D8BB34F2-8A68-417B-8B35-FA73AEF26611}"
EndProject
Project("{FAE04EC0-301F-11D3-BF4B-00C04F79EFBC}") = "CScape.Models", "CScape.Models\CScape.Models.csproj", "{E40D47E1-2E8C-489D-98F2-203BD6863C26}"
EndProject
Project("{FAE04EC0-301F-11D3-BF4B-00C04F79EFBC}") = "CScape.Commands", "CScape.Commands\CScape.Commands.csproj", "{69C13955-1287-48BC-A312-FDAE6D9402E4}"
EndProject
Global
	GlobalSection(SolutionConfigurationPlatforms) = preSolution
		Debug|Any CPU = Debug|Any CPU
		Release|Any CPU = Release|Any CPU
	EndGlobalSection
	GlobalSection(ProjectConfigurationPlatforms) = postSolution
		{30183352-3C8E-44E4-84DC-7A1703D75B7A}.Debug|Any CPU.ActiveCfg = Debug|Any CPU
		{30183352-3C8E-44E4-84DC-7A1703D75B7A}.Debug|Any CPU.Build.0 = Debug|Any CPU
		{30183352-3C8E-44E4-84DC-7A1703D75B7A}.Release|Any CPU.ActiveCfg = Release|Any CPU
		{30183352-3C8E-44E4-84DC-7A1703D75B7A}.Release|Any CPU.Build.0 = Release|Any CPU
		{40F9D482-6ED9-4EA9-AB15-854631C933AB}.Debug|Any CPU.ActiveCfg = Debug|Any CPU
		{40F9D482-6ED9-4EA9-AB15-854631C933AB}.Debug|Any CPU.Build.0 = Debug|Any CPU
		{40F9D482-6ED9-4EA9-AB15-854631C933AB}.Release|Any CPU.ActiveCfg = Release|Any CPU
		{40F9D482-6ED9-4EA9-AB15-854631C933AB}.Release|Any CPU.Build.0 = Release|Any CPU
		{E9E13F17-EA0B-4064-8218-DB57675C73B3}.Debug|Any CPU.ActiveCfg = Debug|Any CPU
		{E9E13F17-EA0B-4064-8218-DB57675C73B3}.Debug|Any CPU.Build.0 = Debug|Any CPU
		{E9E13F17-EA0B-4064-8218-DB57675C73B3}.Release|Any CPU.ActiveCfg = Release|Any CPU
		{E9E13F17-EA0B-4064-8218-DB57675C73B3}.Release|Any CPU.Build.0 = Release|Any CPU
		{D8BB34F2-8A68-417B-8B35-FA73AEF26611}.Debug|Any CPU.ActiveCfg = Debug|Any CPU
		{D8BB34F2-8A68-417B-8B35-FA73AEF26611}.Debug|Any CPU.Build.0 = Debug|Any CPU
		{D8BB34F2-8A68-417B-8B35-FA73AEF26611}.Release|Any CPU.ActiveCfg = Release|Any CPU
		{D8BB34F2-8A68-417B-8B35-FA73AEF26611}.Release|Any CPU.Build.0 = Release|Any CPU
		{E40D47E1-2E8C-489D-98F2-203BD6863C26}.Debug|Any CPU.ActiveCfg = Debug|Any CPU
		{E40D47E1-2E8C-489D-98F2-203BD6863C26}.Debug|Any CPU.Build.0 = Debug|Any CPU
		{E40D47E1-2E8C-489D-98F2-203BD6863C26}.Release|Any CPU.ActiveCfg = Release|Any CPU
		{E40D47E1-2E8C-489D-98F2-203BD6863C26}.Release|Any CPU.Build.0 = Release|Any CPU
		{69C13955-1287-48BC-A312-FDAE6D9402E4}.Debug|Any CPU.ActiveCfg = Debug|Any CPU
		{69C13955-1287-48BC-A312-FDAE6D9402E4}.Debug|Any CPU.Build.0 = Debug|Any CPU
		{69C13955-1287-48BC-A312-FDAE6D9402E4}.Release|Any CPU.ActiveCfg = Release|Any CPU
		{69C13955-1287-48BC-A312-FDAE6D9402E4}.Release|Any CPU.Build.0 = Release|Any CPU
	EndGlobalSection
	GlobalSection(SolutionProperties) = preSolution
		HideSolutionNode = FALSE
	EndGlobalSection
	GlobalSection(ExtensibilityGlobals) = postSolution
		SolutionGuid = {53B334DE-28F4-48D8-9625-FD58414FF89E}
	EndGlobalSection
EndGlobal
