
Microsoft Visual Studio Solution File, Format Version 12.00
# Visual Studio 15
VisualStudioVersion = 15.0.26403.7
MinimumVisualStudioVersion = 10.0.40219.1
Project("{FAE04EC0-301F-11D3-BF4B-00C04F79EFBC}") = "cscape-netcore", "cscape-netcore\cscape-netcore.csproj", "{30183352-3C8E-44E4-84DC-7A1703D75B7A}"
EndProject
Project("{9A19103F-16F7-4668-BE54-9A1E7A4F7556}") = "cscape-dev-netcore", "cscape-dev-netcore\cscape-dev-netcore.csproj", "{40F9D482-6ED9-4EA9-AB15-854631C933AB}"
EndProject
Project("{FAE04EC0-301F-11D3-BF4B-00C04F79EFBC}") = "tests", "tests\tests.csproj", "{E9E13F17-EA0B-4064-8218-DB57675C73B3}"
EndProject
Global
	GlobalSection(SolutionConfigurationPlatforms) = preSolution
		Debug|Any CPU = Debug|Any CPU
		Release|Any CPU = Release|Any CPU
	EndGlobalSection
	GlobalSection(ProjectConfigurationPlatforms) = postSolution
		{30183352-3C8E-44E4-84DC-7A1703D75B7A}.Debug|Any CPU.ActiveCfg = Debug|Any CPU
		{30183352-3C8E-44E4-84DC-7A1703D75B7A}.Debug|Any CPU.Build.0 = Debug|Any CPU
		{30183352-3C8E-44E4-84DC-7A1703D75B7A}.Release|Any CPU.ActiveCfg = Release|Any CPU
		{30183352-3C8E-44E4-84DC-7A1703D75B7A}.Release|Any CPU.Build.0 = Release|Any CPU
		{40F9D482-6ED9-4EA9-AB15-854631C933AB}.Debug|Any CPU.ActiveCfg = Debug|Any CPU
		{40F9D482-6ED9-4EA9-AB15-854631C933AB}.Debug|Any CPU.Build.0 = Debug|Any CPU
		{40F9D482-6ED9-4EA9-AB15-854631C933AB}.Release|Any CPU.ActiveCfg = Release|Any CPU
		{40F9D482-6ED9-4EA9-AB15-854631C933AB}.Release|Any CPU.Build.0 = Release|Any CPU
		{E9E13F17-EA0B-4064-8218-DB57675C73B3}.Debug|Any CPU.ActiveCfg = Debug|Any CPU
		{E9E13F17-EA0B-4064-8218-DB57675C73B3}.Debug|Any CPU.Build.0 = Debug|Any CPU
		{E9E13F17-EA0B-4064-8218-DB57675C73B3}.Release|Any CPU.ActiveCfg = Release|Any CPU
		{E9E13F17-EA0B-4064-8218-DB57675C73B3}.Release|Any CPU.Build.0 = Release|Any CPU
	EndGlobalSection
	GlobalSection(SolutionProperties) = preSolution
		HideSolutionNode = FALSE
	EndGlobalSection
EndGlobal
